# This file is automatically @generated by Poetry 1.8.5 and should not be changed by hand.

[[package]]
name = "pyvisa"
version = "1.14.1"
description = "Python VISA bindings for GPIB, RS232, TCPIP and USB instruments"
optional = false
python-versions = ">=3.8"
files = [
    {file = "PyVISA-1.14.1-py3-none-any.whl", hash = "sha256:6e4dfc9b6029b4f00d0d4960348c4889c2747aa7f83276950d48a349eab36a45"},
    {file = "PyVISA-1.14.1.tar.gz", hash = "sha256:71030041ed4c5dad77687454cf44b8be4d1642e9d1aaa22019248d41d8ed7a79"},
]

[package.dependencies]
typing-extensions = "*"

[[package]]
name = "pyvisa-py"
version = "0.7.2"
description = "Pure Python implementation of a VISA library."
optional = false
python-versions = ">=3.8"
files = [
    {file = "PyVISA-py-0.7.2.tar.gz", hash = "sha256:4c5f5b867858457dbebfff92a42fba2d8b046d28defbbec2a09e3c1f0850e851"},
    {file = "PyVISA_py-0.7.2-py3-none-any.whl", hash = "sha256:c53b941a5ee6547aadc5321f930c924dd5c4434891bc512fcafcdd5a4a8d110d"},
]

[package.dependencies]
pyvisa = ">=1.13.0"
typing-extensions = "*"

[package.extras]
gpib-ctypes = ["gpib-ctypes (>=0.3.0)"]
hislip-discovery = ["zeroconf"]
psutil = ["psutil"]
serial = ["pyserial (>=3.0)"]
usb = ["pyusb"]
vicp = ["pyvicp", "zeroconf"]

[[package]]
name = "typing-extensions"
version = "4.12.2"
description = "Backported and Experimental Type Hints for Python 3.8+"
optional = false
python-versions = ">=3.8"
files = [
    {file = "typing_extensions-4.12.2-py3-none-any.whl", hash = "sha256:04e5ca0351e0f3f85c6853954072df659d0d13fac324d0072316b67d7794700d"},
    {file = "typing_extensions-4.12.2.tar.gz", hash = "sha256:1a7ead55c7e559dd4dee8856e3a88b41225abfe1ce8df57b7c13915fe121ffb8"},
]

[metadata]
lock-version = "2.0"
python-versions = "^3.12"
content-hash = "dec81daa2ab70e6fe29d54af8c0cbb57f09277348fadd28d8ffc13967500acbd"
